
Microsoft Visual Studio Solution File, Format Version 12.00
# Visual Studio Version 16
VisualStudioVersion = 16.0.31624.102
MinimumVisualStudioVersion = 10.0.40219.1
Project("{FAE04EC0-301F-11D3-BF4B-00C04F79EFBC}") = "ProjetoTesteMVC5", "ProjetoTesteMVC5\ProjetoTesteMVC5.csproj", "{ABFEB3B6-A67C-4290-95A8-69B289CE5903}"
EndProject
Global
	GlobalSection(SolutionConfigurationPlatforms) = preSolution
		Debug|Any CPU = Debug|Any CPU
		Release|Any CPU = Release|Any CPU
	EndGlobalSection
	GlobalSection(ProjectConfigurationPlatforms) = postSolution
		{ABFEB3B6-A67C-4290-95A8-69B289CE5903}.Debug|Any CPU.ActiveCfg = Debug|Any CPU
		{ABFEB3B6-A67C-4290-95A8-69B289CE5903}.Debug|Any CPU.Build.0 = Debug|Any CPU
		{ABFEB3B6-A67C-4290-95A8-69B289CE5903}.Release|Any CPU.ActiveCfg = Release|Any CPU
		{ABFEB3B6-A67C-4290-95A8-69B289CE5903}.Release|Any CPU.Build.0 = Release|Any CPU
	EndGlobalSection
	GlobalSection(SolutionProperties) = preSolution
		HideSolutionNode = FALSE
	EndGlobalSection
	GlobalSection(ExtensibilityGlobals) = postSolution
		SolutionGuid = {CAF184A6-68A7-4CEE-9B3F-B8D7849A3043}
	EndGlobalSection
EndGlobal
